
Microsoft Visual Studio Solution File, Format Version 12.00
# Visual Studio Version 17
VisualStudioVersion = 17.11.35312.102
MinimumVisualStudioVersion = 10.0.40219.1
Project("{FAE04EC0-301F-11D3-BF4B-00C04F79EFBC}") = "ChiroPagina", "ChiroPagina.csproj", "{C8176CD8-37A5-4458-AC2C-2E96FF0BEBD5}"
EndProject
Global
	GlobalSection(SolutionConfigurationPlatforms) = preSolution
		Debug|Any CPU = Debug|Any CPU
		Release|Any CPU = Release|Any CPU
	EndGlobalSection
	GlobalSection(ProjectConfigurationPlatforms) = postSolution
		{C8176CD8-37A5-4458-AC2C-2E96FF0BEBD5}.Debug|Any CPU.ActiveCfg = Debug|Any CPU
		{C8176CD8-37A5-4458-AC2C-2E96FF0BEBD5}.Debug|Any CPU.Build.0 = Debug|Any CPU
		{C8176CD8-37A5-4458-AC2C-2E96FF0BEBD5}.Release|Any CPU.ActiveCfg = Release|Any CPU
		{C8176CD8-37A5-4458-AC2C-2E96FF0BEBD5}.Release|Any CPU.Build.0 = Release|Any CPU
	EndGlobalSection
	GlobalSection(SolutionProperties) = preSolution
		HideSolutionNode = FALSE
	EndGlobalSection
	GlobalSection(ExtensibilityGlobals) = postSolution
		SolutionGuid = {17491CB7-8D8B-4EC7-8E66-B599866654CB}
	EndGlobalSection
EndGlobal
